{
  "name": "nerio-vuetify-table",
  "version": "1.0.1",
  "lockfileVersion": 1,
  "requires": true,
  "dependencies": {
    "nerio-js-utils": {
      "version": "1.0.5",
      "resolved": "https://registry.npmjs.org/nerio-js-utils/-/nerio-js-utils-1.0.5.tgz",
      "integrity": "sha512-Qz/JvSL2p63lV0nyL7J3ne5RoHE8IqMHuHgr1HNfmSc/VHdJ240JN5V9nrD3L0oTCuSGMrO7wBXNl9AGn7n4Lw=="
    }
  }
}
